Microsoft Visual Studio Solution File, Format Version 11.00
# Visual Studio 2008

Project("{C5FB56EE-4F3F-8FEA-17BC-5EFA49AB521B}") = "liu-project-master", "Assembly-CSharp.csproj", "{3AD9FFD1-8748-7517-A372-16A4556878E4}"
EndProject
Global
	GlobalSection(SolutionConfigurationPlatforms) = preSolution
		Debug|Any CPU = Debug|Any CPU
		Release|Any CPU = Release|Any CPU
	EndGlobalSection
	GlobalSection(ProjectConfigurationPlatforms) = postSolution
		{3AD9FFD1-8748-7517-A372-16A4556878E4}.Debug|Any CPU.ActiveCfg = Debug|Any CPU
		{3AD9FFD1-8748-7517-A372-16A4556878E4}.Debug|Any CPU.Build.0 = Debug|Any CPU
		{3AD9FFD1-8748-7517-A372-16A4556878E4}.Release|Any CPU.ActiveCfg = Release|Any CPU
		{3AD9FFD1-8748-7517-A372-16A4556878E4}.Release|Any CPU.Build.0 = Release|Any CPU
	EndGlobalSection
	GlobalSection(SolutionProperties) = preSolution
		HideSolutionNode = FALSE
	EndGlobalSection
	GlobalSection(MonoDevelopProperties) = preSolution
		StartupItem = Assembly-CSharp.csproj
	EndGlobalSection
EndGlobal
